// !$*UTF8*$!
{
	archiveVersion = 1;
	classes = {
	};
	objectVersion = 51;
	objects = {

/* Begin PBXBuildFile section */
		087810B224073FD400D41A67 /* AppDelegate.swift in Sources */ = {isa = PBXBuildFile; fileRef = 087810B124073FD400D41A67 /* AppDelegate.swift */; };
		087810B424073FD400D41A67 /* SceneDelegate.swift in Sources */ = {isa = PBXBuildFile; fileRef = 087810B324073FD400D41A67 /* SceneDelegate.swift */; };
		087810B624073FD400D41A67 /* ViewController.swift in Sources */ = {isa = PBXBuildFile; fileRef = 087810B524073FD400D41A67 /* ViewController.swift */; };
		087810B924073FD400D41A67 /* Main.storyboard in Resources */ = {isa = PBXBuildFile; fileRef = 087810B724073FD400D41A67 /* Main.storyboard */; };
		087810BC24073FD400D41A67 /* MnCTest.xcdatamodeld in Sources */ = {isa = PBXBuildFile; fileRef = 087810BA24073FD400D41A67 /* MnCTest.xcdatamodeld */; };
		087810BE24073FD500D41A67 /* Assets.xcassets in Resources */ = {isa = PBXBuildFile; fileRef = 087810BD24073FD500D41A67 /* Assets.xcassets */; };
		087810C124073FD500D41A67 /* LaunchScreen.storyboard in Resources */ = {isa = PBXBuildFile; fileRef = 087810BF24073FD500D41A67 /* LaunchScreen.storyboard */; };
		087810C92407483F00D41A67 /* HUDAnimated.swift in Sources */ = {isa = PBXBuildFile; fileRef = 087810C82407483F00D41A67 /* HUDAnimated.swift */; };
		087810CE24074A5B00D41A67 /* save.json in Resources */ = {isa = PBXBuildFile; fileRef = 087810CB24074A5B00D41A67 /* save.json */; };
		087810CF24074A5B00D41A67 /* loading.json in Resources */ = {isa = PBXBuildFile; fileRef = 087810CC24074A5B00D41A67 /* loading.json */; };
		087810D024074A5B00D41A67 /* searching.json in Resources */ = {isa = PBXBuildFile; fileRef = 087810CD24074A5B00D41A67 /* searching.json */; };
		087810D32407537C00D41A67 /* search.png in Resources */ = {isa = PBXBuildFile; fileRef = 087810D22407537C00D41A67 /* search.png */; };
		087810D624075C8B00D41A67 /* Singleton.swift in Sources */ = {isa = PBXBuildFile; fileRef = 087810D524075C8B00D41A67 /* Singleton.swift */; };
		087810D824080F7D00D41A67 /* back_button.png in Resources */ = {isa = PBXBuildFile; fileRef = 087810D724080F7D00D41A67 /* back_button.png */; };
		087810DA2408103F00D41A67 /* PictureViewController.swift in Sources */ = {isa = PBXBuildFile; fileRef = 087810D92408103F00D41A67 /* PictureViewController.swift */; };
		087810DC24086B1300D41A67 /* StaticPicturesViewController.swift in Sources */ = {isa = PBXBuildFile; fileRef = 087810DB24086B1300D41A67 /* StaticPicturesViewController.swift */; };
		087810DE240874CC00D41A67 /* PictureProfileViewController.swift in Sources */ = {isa = PBXBuildFile; fileRef = 087810DD240874CC00D41A67 /* PictureProfileViewController.swift */; };
		087810E02408816A00D41A67 /* saved.png in Resources */ = {isa = PBXBuildFile; fileRef = 087810DF2408816900D41A67 /* saved.png */; };
		D29014B9C6E385E9C1757BB4 /* Pods_MnCTest.framework in Frameworks */ = {isa = PBXBuildFile; fileRef = F01853FF1CA27DF447FC3130 /* Pods_MnCTest.framework */; };
/* End PBXBuildFile section */

/* Begin PBXFileReference section */
		087810AE24073FD400D41A67 /* MnCTest.app */ = {isa = PBXFileReference; explicitFileType = wrapper.application; includeInIndex = 0; path = MnCTest.app; sourceTree = BUILT_PRODUCTS_DIR; };
		087810B124073FD400D41A67 /* AppDelegate.swift */ = {isa = PBXFileReference; lastKnownFileType = sourcecode.swift; path = AppDelegate.swift; sourceTree = "<group>"; };
		087810B324073FD400D41A67 /* SceneDelegate.swift */ = {isa = PBXFileReference; lastKnownFileType = sourcecode.swift; path = SceneDelegate.swift; sourceTree = "<group>"; };
		087810B524073FD400D41A67 /* ViewController.swift */ = {isa = PBXFileReference; lastKnownFileType = sourcecode.swift; path = ViewController.swift; sourceTree = "<group>"; };
		087810B824073FD400D41A67 /* Base */ = {isa = PBXFileReference; lastKnownFileType = file.storyboard; name = Base; path = Base.lproj/Main.storyboard; sourceTree = "<group>"; };
		087810BB24073FD400D41A67 /* MnCTest.xcdatamodel */ = {isa = PBXFileReference; lastKnownFileType = wrapper.xcdatamodel; path = MnCTest.xcdatamodel; sourceTree = "<group>"; };
		087810BD24073FD500D41A67 /* Assets.xcassets */ = {isa = PBXFileReference; lastKnownFileType = folder.assetcatalog; path = Assets.xcassets; sourceTree = "<group>"; };
		087810C024073FD500D41A67 /* Base */ = {isa = PBXFileReference; lastKnownFileType = file.storyboard; name = Base; path = Base.lproj/LaunchScreen.storyboard; sourceTree = "<group>"; };
		087810C224073FD500D41A67 /* Info.plist */ = {isa = PBXFileReference; lastKnownFileType = text.plist.xml; path = Info.plist; sourceTree = "<group>"; };
		087810C82407483F00D41A67 /* HUDAnimated.swift */ = {isa = PBXFileReference; lastKnownFileType = sourcecode.swift; path = HUDAnimated.swift; sourceTree = "<group>"; };
		087810CB24074A5B00D41A67 /* save.json */ = {isa = PBXFileReference; fileEncoding = 4; lastKnownFileType = text.json; path = save.json; sourceTree = "<group>"; };
		087810CC24074A5B00D41A67 /* loading.json */ = {isa = PBXFileReference; fileEncoding = 4; lastKnownFileType = text.json; path = loading.json; sourceTree = "<group>"; };
		087810CD24074A5B00D41A67 /* searching.json */ = {isa = PBXFileReference; fileEncoding = 4; lastKnownFileType = text.json; path = searching.json; sourceTree = "<group>"; };
		087810D22407537C00D41A67 /* search.png */ = {isa = PBXFileReference; lastKnownFileType = image.png; path = search.png; sourceTree = "<group>"; };
		087810D524075C8B00D41A67 /* Singleton.swift */ = {isa = PBXFileReference; lastKnownFileType = sourcecode.swift; path = Singleton.swift; sourceTree = "<group>"; };
		087810D724080F7D00D41A67 /* back_button.png */ = {isa = PBXFileReference; lastKnownFileType = image.png; path = back_button.png; sourceTree = "<group>"; };
		087810D92408103F00D41A67 /* PictureViewController.swift */ = {isa = PBXFileReference; lastKnownFileType = sourcecode.swift; path = PictureViewController.swift; sourceTree = "<group>"; };
		087810DB24086B1300D41A67 /* StaticPicturesViewController.swift */ = {isa = PBXFileReference; lastKnownFileType = sourcecode.swift; path = StaticPicturesViewController.swift; sourceTree = "<group>"; };
		087810DD240874CC00D41A67 /* PictureProfileViewController.swift */ = {isa = PBXFileReference; lastKnownFileType = sourcecode.swift; path = PictureProfileViewController.swift; sourceTree = "<group>"; };
		087810DF2408816900D41A67 /* saved.png */ = {isa = PBXFileReference; lastKnownFileType = image.png; path = saved.png; sourceTree = "<group>"; };
		5FEBF1669F2934B6A45A607F /* Pods-MnCTest.debug.xcconfig */ = {isa = PBXFileReference; includeInIndex = 1; lastKnownFileType = text.xcconfig; name = "Pods-MnCTest.debug.xcconfig"; path = "Target Support Files/Pods-MnCTest/Pods-MnCTest.debug.xcconfig"; sourceTree = "<group>"; };
		B4441D4187E2446B8916E966 /* Pods-MnCTest.release.xcconfig */ = {isa = PBXFileReference; includeInIndex = 1; lastKnownFileType = text.xcconfig; name = "Pods-MnCTest.release.xcconfig"; path = "Target Support Files/Pods-MnCTest/Pods-MnCTest.release.xcconfig"; sourceTree = "<group>"; };
		F01853FF1CA27DF447FC3130 /* Pods_MnCTest.framework */ = {isa = PBXFileReference; explicitFileType = wrapper.framework; includeInIndex = 0; path = Pods_MnCTest.framework; sourceTree = BUILT_PRODUCTS_DIR; };
/* End PBXFileReference section */

/* Begin PBXFrameworksBuildPhase section */
		087810AB24073FD400D41A67 /* Frameworks */ = {
			isa = PBXFrameworksBuildPhase;
			buildActionMask = 2147483647;
			files = (
				D29014B9C6E385E9C1757BB4 /* Pods_MnCTest.framework in Frameworks */,
			);
			runOnlyForDeploymentPostprocessing = 0;
		};
/* End PBXFrameworksBuildPhase section */

/* Begin PBXGroup section */
		087810A524073FD400D41A67 = {
			isa = PBXGroup;
			children = (
				087810D42407599100D41A67 /* Manager */,
				087810D12407536400D41A67 /* Images */,
				087810CA24074A4A00D41A67 /* JSONLottie */,
				087810B024073FD400D41A67 /* MnCTest */,
				087810AF24073FD400D41A67 /* Products */,
				723EE67EF1DF22A8F7C9436D /* Pods */,
				D543EE3B64B3E12D7AE967CC /* Frameworks */,
			);
			sourceTree = "<group>";
		};
		087810AF24073FD400D41A67 /* Products */ = {
			isa = PBXGroup;
			children = (
				087810AE24073FD400D41A67 /* MnCTest.app */,
			);
			name = Products;
			sourceTree = "<group>";
		};
		087810B024073FD400D41A67 /* MnCTest */ = {
			isa = PBXGroup;
			children = (
				087810B124073FD400D41A67 /* AppDelegate.swift */,
				087810B324073FD400D41A67 /* SceneDelegate.swift */,
				087810B524073FD400D41A67 /* ViewController.swift */,
				087810B724073FD400D41A67 /* Main.storyboard */,
				087810BD24073FD500D41A67 /* Assets.xcassets */,
				087810BF24073FD500D41A67 /* LaunchScreen.storyboard */,
				087810C224073FD500D41A67 /* Info.plist */,
				087810BA24073FD400D41A67 /* MnCTest.xcdatamodeld */,
				087810C82407483F00D41A67 /* HUDAnimated.swift */,
				087810D92408103F00D41A67 /* PictureViewController.swift */,
				087810DB24086B1300D41A67 /* StaticPicturesViewController.swift */,
				087810DD240874CC00D41A67 /* PictureProfileViewController.swift */,
			);
			path = MnCTest;
			sourceTree = "<group>";
		};
		087810CA24074A4A00D41A67 /* JSONLottie */ = {
			isa = PBXGroup;
			children = (
				087810CB24074A5B00D41A67 /* save.json */,
				087810CC24074A5B00D41A67 /* loading.json */,
				087810CD24074A5B00D41A67 /* searching.json */,
			);
			path = JSONLottie;
			sourceTree = "<group>";
		};
		087810D12407536400D41A67 /* Images */ = {
			isa = PBXGroup;
			children = (
				087810DF2408816900D41A67 /* saved.png */,
				087810D724080F7D00D41A67 /* back_button.png */,
				087810D22407537C00D41A67 /* search.png */,
			);
			path = Images;
			sourceTree = "<group>";
		};
		087810D42407599100D41A67 /* Manager */ = {
			isa = PBXGroup;
			children = (
				087810D524075C8B00D41A67 /* Singleton.swift */,
			);
			path = Manager;
			sourceTree = "<group>";
		};
		723EE67EF1DF22A8F7C9436D /* Pods */ = {
			isa = PBXGroup;
			children = (
				5FEBF1669F2934B6A45A607F /* Pods-MnCTest.debug.xcconfig */,
				B4441D4187E2446B8916E966 /* Pods-MnCTest.release.xcconfig */,
			);
			path = Pods;
			sourceTree = "<group>";
		};
		D543EE3B64B3E12D7AE967CC /* Frameworks */ = {
			isa = PBXGroup;
			children = (
				F01853FF1CA27DF447FC3130 /* Pods_MnCTest.framework */,
			);
			name = Frameworks;
			sourceTree = "<group>";
		};
/* End PBXGroup section */

/* Begin PBXNativeTarget section */
		087810AD24073FD400D41A67 /* MnCTest */ = {
			isa = PBXNativeTarget;
			buildConfigurationList = 087810C524073FD500D41A67 /* Build configuration list for PBXNativeTarget "MnCTest" */;
			buildPhases = (
				741F1AAF6DFFFC3434791ABD /* [CP] Check Pods Manifest.lock */,
				087810AA24073FD400D41A67 /* Sources */,
				087810AB24073FD400D41A67 /* Frameworks */,
				087810AC24073FD400D41A67 /* Resources */,
				0011AD7E735904074EC42749 /* [CP] Embed Pods Frameworks */,
			);
			buildRules = (
			);
			dependencies = (
			);
			name = MnCTest;
			productName = MnCTest;
			productReference = 087810AE24073FD400D41A67 /* MnCTest.app */;
			productType = "com.apple.product-type.application";
		};
/* End PBXNativeTarget section */

/* Begin PBXProject section */
		087810A624073FD400D41A67 /* Project object */ = {
			isa = PBXProject;
			attributes = {
				LastSwiftUpdateCheck = 1130;
				LastUpgradeCheck = 1130;
				ORGANIZATIONNAME = "Esteban Rivas";
				TargetAttributes = {
					087810AD24073FD400D41A67 = {
						CreatedOnToolsVersion = 11.3;
					};
				};
			};
			buildConfigurationList = 087810A924073FD400D41A67 /* Build configuration list for PBXProject "MnCTest" */;
			compatibilityVersion = "Xcode 9.3";
			developmentRegion = en;
			hasScannedForEncodings = 0;
			knownRegions = (
				en,
				Base,
			);
			mainGroup = 087810A524073FD400D41A67;
			productRefGroup = 087810AF24073FD400D41A67 /* Products */;
			projectDirPath = "";
			projectRoot = "";
			targets = (
				087810AD24073FD400D41A67 /* MnCTest */,
			);
		};
/* End PBXProject section */

/* Begin PBXResourcesBuildPhase section */
		087810AC24073FD400D41A67 /* Resources */ = {
			isa = PBXResourcesBuildPhase;
			buildActionMask = 2147483647;
			files = (
				087810C124073FD500D41A67 /* LaunchScreen.storyboard in Resources */,
				087810D024074A5B00D41A67 /* searching.json in Resources */,
				087810CF24074A5B00D41A67 /* loading.json in Resources */,
				087810D32407537C00D41A67 /* search.png in Resources */,
				087810BE24073FD500D41A67 /* Assets.xcassets in Resources */,
				087810B924073FD400D41A67 /* Main.storyboard in Resources */,
				087810D824080F7D00D41A67 /* back_button.png in Resources */,
				087810CE24074A5B00D41A67 /* save.json in Resources */,
				087810E02408816A00D41A67 /* saved.png in Resources */,
			);
			runOnlyForDeploymentPostprocessing = 0;
		};
/* End PBXResourcesBuildPhase section */

/* Begin PBXShellScriptBuildPhase section */
		0011AD7E735904074EC42749 /* [CP] Embed Pods Frameworks */ = {
			isa = PBXShellScriptBuildPhase;
			buildActionMask = 2147483647;
			files = (
			);
			inputFileListPaths = (
				"${PODS_ROOT}/Target Support Files/Pods-MnCTest/Pods-MnCTest-frameworks-${CONFIGURATION}-input-files.xcfilelist",
			);
			name = "[CP] Embed Pods Frameworks";
			outputFileListPaths = (
				"${PODS_ROOT}/Target Support Files/Pods-MnCTest/Pods-MnCTest-frameworks-${CONFIGURATION}-output-files.xcfilelist",
			);
			runOnlyForDeploymentPostprocessing = 0;
			shellPath = /bin/sh;
			shellScript = "\"${PODS_ROOT}/Target Support Files/Pods-MnCTest/Pods-MnCTest-frameworks.sh\"\n";
			showEnvVarsInLog = 0;
		};
		741F1AAF6DFFFC3434791ABD /* [CP] Check Pods Manifest.lock */ = {
			isa = PBXShellScriptBuildPhase;
			buildActionMask = 2147483647;
			files = (
			);
			inputFileListPaths = (
			);
			inputPaths = (
				"${PODS_PODFILE_DIR_PATH}/Podfile.lock",
				"${PODS_ROOT}/Manifest.lock",
			);
			name = "[CP] Check Pods Manifest.lock";
			outputFileListPaths = (
			);
			outputPaths = (
				"$(DERIVED_FILE_DIR)/Pods-MnCTest-checkManifestLockResult.txt",
			);
			runOnlyForDeploymentPostprocessing = 0;
			shellPath = /bin/sh;
			shellScript = "diff \"${PODS_PODFILE_DIR_PATH}/Podfile.lock\" \"${PODS_ROOT}/Manifest.lock\" > /dev/null\nif [ $? != 0 ] ; then\n    # print error to STDERR\n    echo \"error: The sandbox is not in sync with the Podfile.lock. Run 'pod install' or update your CocoaPods installation.\" >&2\n    exit 1\nfi\n# This output is used by Xcode 'outputs' to avoid re-running this script phase.\necho \"SUCCESS\" > \"${SCRIPT_OUTPUT_FILE_0}\"\n";
			showEnvVarsInLog = 0;
		};
/* End PBXShellScriptBuildPhase section */

/* Begin PBXSourcesBuildPhase section */
		087810AA24073FD400D41A67 /* Sources */ = {
			isa = PBXSourcesBuildPhase;
			buildActionMask = 2147483647;
			files = (
				087810C92407483F00D41A67 /* HUDAnimated.swift in Sources */,
				087810D624075C8B00D41A67 /* Singleton.swift in Sources */,
				087810B624073FD400D41A67 /* ViewController.swift in Sources */,
				087810B224073FD400D41A67 /* AppDelegate.swift in Sources */,
				087810DA2408103F00D41A67 /* PictureViewController.swift in Sources */,
				087810BC24073FD400D41A67 /* MnCTest.xcdatamodeld in Sources */,
				087810DE240874CC00D41A67 /* PictureProfileViewController.swift in Sources */,
				087810B424073FD400D41A67 /* SceneDelegate.swift in Sources */,
				087810DC24086B1300D41A67 /* StaticPicturesViewController.swift in Sources */,
			);
			runOnlyForDeploymentPostprocessing = 0;
		};
/* End PBXSourcesBuildPhase section */

/* Begin PBXVariantGroup section */
		087810B724073FD400D41A67 /* Main.storyboard */ = {
			isa = PBXVariantGroup;
			children = (
				087810B824073FD400D41A67 /* Base */,
			);
			name = Main.storyboard;
			sourceTree = "<group>";
		};
		087810BF24073FD500D41A67 /* LaunchScreen.storyboard */ = {
			isa = PBXVariantGroup;
			children = (
				087810C024073FD500D41A67 /* Base */,
			);
			name = LaunchScreen.storyboard;
			sourceTree = "<group>";
		};
/* End PBXVariantGroup section */

/* Begin XCBuildConfiguration section */
		087810C324073FD500D41A67 /* Debug */ = {
			isa = XCBuildConfiguration;
			buildSettings = {
				ALWAYS_SEARCH_USER_PATHS = NO;
				CLANG_ANALYZER_NONNULL = YES;
				CLANG_ANALYZER_NUMBER_OBJECT_CONVERSION = YES_AGGRESSIVE;
				CLANG_CXX_LANGUAGE_STANDARD = "gnu++14";
				CLANG_CXX_LIBRARY = "libc++";
				CLANG_ENABLE_MODULES = YES;
				CLANG_ENABLE_OBJC_ARC = YES;
				CLANG_ENABLE_OBJC_WEAK = YES;
				CLANG_WARN_BLOCK_CAPTURE_AUTORELEASING = YES;
				CLANG_WARN_BOOL_CONVERSION = YES;
				CLANG_WARN_COMMA = YES;
				CLANG_WARN_CONSTANT_CONVERSION = YES;
				CLANG_WARN_DEPRECATED_OBJC_IMPLEMENTATIONS = YES;
				CLANG_WARN_DIRECT_OBJC_ISA_USAGE = YES_ERROR;
				CLANG_WARN_DOCUMENTATION_COMMENTS = YES;
				CLANG_WARN_EMPTY_BODY = YES;
				CLANG_WARN_ENUM_CONVERSION = YES;
				CLANG_WARN_INFINITE_RECURSION = YES;
				CLANG_WARN_INT_CONVERSION = YES;
				CLANG_WARN_NON_LITERAL_NULL_CONVERSION = YES;
				CLANG_WARN_OBJC_IMPLICIT_RETAIN_SELF = YES;
				CLANG_WARN_OBJC_LITERAL_CONVERSION = YES;
				CLANG_WARN_OBJC_ROOT_CLASS = YES_ERROR;
				CLANG_WARN_RANGE_LOOP_ANALYSIS = YES;
				CLANG_WARN_STRICT_PROTOTYPES = YES;
				CLANG_WARN_SUSPICIOUS_MOVE = YES;
				CLANG_WARN_UNGUARDED_AVAILABILITY = YES_AGGRESSIVE;
				CLANG_WARN_UNREACHABLE_CODE = YES;
				CLANG_WARN__DUPLICATE_METHOD_MATCH = YES;
				COPY_PHASE_STRIP = NO;
				DEBUG_INFORMATION_FORMAT = dwarf;
				ENABLE_STRICT_OBJC_MSGSEND = YES;
				ENABLE_TESTABILITY = YES;
				GCC_C_LANGUAGE_STANDARD = gnu11;
				GCC_DYNAMIC_NO_PIC = NO;
				GCC_NO_COMMON_BLOCKS = YES;
				GCC_OPTIMIZATION_LEVEL = 0;
				GCC_PREPROCESSOR_DEFINITIONS = (
					"DEBUG=1",
					"$(inherited)",
				);
				GCC_WARN_64_TO_32_BIT_CONVERSION = YES;
				GCC_WARN_ABOUT_RETURN_TYPE = YES_ERROR;
				GCC_WARN_UNDECLARED_SELECTOR = YES;
				GCC_WARN_UNINITIALIZED_AUTOS = YES_AGGRESSIVE;
				GCC_WARN_UNUSED_FUNCTION = YES;
				GCC_WARN_UNUSED_VARIABLE = YES;
				IPHONEOS_DEPLOYMENT_TARGET = 13.2;
				MTL_ENABLE_DEBUG_INFO = INCLUDE_SOURCE;
				MTL_FAST_MATH = YES;
				ONLY_ACTIVE_ARCH = YES;
				SDKROOT = iphoneos;
				SWIFT_ACTIVE_COMPILATION_CONDITIONS = DEBUG;
				SWIFT_OPTIMIZATION_LEVEL = "-Onone";
			};
			name = Debug;
		};
		087810C424073FD500D41A67 /* Release */ = {
			isa = XCBuildConfiguration;
			buildSettings = {
				ALWAYS_SEARCH_USER_PATHS = NO;
				CLANG_ANALYZER_NONNULL = YES;
				CLANG_ANALYZER_NUMBER_OBJECT_CONVERSION = YES_AGGRESSIVE;
				CLANG_CXX_LANGUAGE_STANDARD = "gnu++14";
				CLANG_CXX_LIBRARY = "libc++";
				CLANG_ENABLE_MODULES = YES;
				CLANG_ENABLE_OBJC_ARC = YES;
				CLANG_ENABLE_OBJC_WEAK = YES;
				CLANG_WARN_BLOCK_CAPTURE_AUTORELEASING = YES;
				CLANG_WARN_BOOL_CONVERSION = YES;
				CLANG_WARN_COMMA = YES;
				CLANG_WARN_CONSTANT_CONVERSION = YES;
				CLANG_WARN_DEPRECATED_OBJC_IMPLEMENTATIONS = YES;
				CLANG_WARN_DIRECT_OBJC_ISA_USAGE = YES_ERROR;
				CLANG_WARN_DOCUMENTATION_COMMENTS = YES;
				CLANG_WARN_EMPTY_BODY = YES;
				CLANG_WARN_ENUM_CONVERSION = YES;
				CLANG_WARN_INFINITE_RECURSION = YES;
				CLANG_WARN_INT_CONVERSION = YES;
				CLANG_WARN_NON_LITERAL_NULL_CONVERSION = YES;
				CLANG_WARN_OBJC_IMPLICIT_RETAIN_SELF = YES;
				CLANG_WARN_OBJC_LITERAL_CONVERSION = YES;
				CLANG_WARN_OBJC_ROOT_CLASS = YES_ERROR;
				CLANG_WARN_RANGE_LOOP_ANALYSIS = YES;
				CLANG_WARN_STRICT_PROTOTYPES = YES;
				CLANG_WARN_SUSPICIOUS_MOVE = YES;
				CLANG_WARN_UNGUARDED_AVAILABILITY = YES_AGGRESSIVE;
				CLANG_WARN_UNREACHABLE_CODE = YES;
				CLANG_WARN__DUPLICATE_METHOD_MATCH = YES;
				COPY_PHASE_STRIP = NO;
				DEBUG_INFORMATION_FORMAT = "dwarf-with-dsym";
				ENABLE_NS_ASSERTIONS = NO;
				ENABLE_STRICT_OBJC_MSGSEND = YES;
				GCC_C_LANGUAGE_STANDARD = gnu11;
				GCC_NO_COMMON_BLOCKS = YES;
				GCC_WARN_64_TO_32_BIT_CONVERSION = YES;
				GCC_WARN_ABOUT_RETURN_TYPE = YES_ERROR;
				GCC_WARN_UNDECLARED_SELECTOR = YES;
				GCC_WARN_UNINITIALIZED_AUTOS = YES_AGGRESSIVE;
				GCC_WARN_UNUSED_FUNCTION = YES;
				GCC_WARN_UNUSED_VARIABLE = YES;
				IPHONEOS_DEPLOYMENT_TARGET = 13.2;
				MTL_ENABLE_DEBUG_INFO = NO;
				MTL_FAST_MATH = YES;
				SDKROOT = iphoneos;
				SWIFT_COMPILATION_MODE = wholemodule;
				SWIFT_OPTIMIZATION_LEVEL = "-O";
				VALIDATE_PRODUCT = YES;
			};
			name = Release;
		};
		087810C624073FD500D41A67 /* Debug */ = {
			isa = XCBuildConfiguration;
			baseConfigurationReference = 5FEBF1669F2934B6A45A607F /* Pods-MnCTest.debug.xcconfig */;
			buildSettings = {
				ASSETCATALOG_COMPILER_APPICON_NAME = AppIcon;
				CODE_SIGN_STYLE = Automatic;
				DEVELOPMENT_TEAM = EBV9R936U5;
				INFOPLIST_FILE = MnCTest/Info.plist;
				LD_RUNPATH_SEARCH_PATHS = (
					"$(inherited)",
					"@executable_path/Frameworks",
				);
				PRODUCT_BUNDLE_IDENTIFIER = erivas.MnCTest;
				PRODUCT_NAME = "$(TARGET_NAME)";
				SWIFT_VERSION = 5.0;
				TARGETED_DEVICE_FAMILY = "1,2";
			};
			name = Debug;
		};
		087810C724073FD500D41A67 /* Release */ = {
			isa = XCBuildConfiguration;
			baseConfigurationReference = B4441D4187E2446B8916E966 /* Pods-MnCTest.release.xcconfig */;
			buildSettings = {
				ASSETCATALOG_COMPILER_APPICON_NAME = AppIcon;
				CODE_SIGN_STYLE = Automatic;
				DEVELOPMENT_TEAM = EBV9R936U5;
				INFOPLIST_FILE = MnCTest/Info.plist;
				LD_RUNPATH_SEARCH_PATHS = (
					"$(inherited)",
					"@executable_path/Frameworks",
				);
				PRODUCT_BUNDLE_IDENTIFIER = erivas.MnCTest;
				PRODUCT_NAME = "$(TARGET_NAME)";
				SWIFT_VERSION = 5.0;
				TARGETED_DEVICE_FAMILY = "1,2";
			};
			name = Release;
		};
/* End XCBuildConfiguration section */

/* Begin XCConfigurationList section */
		087810A924073FD400D41A67 /* Build configuration list for PBXProject "MnCTest" */ = {
			isa = XCConfigurationList;
			buildConfigurations = (
				087810C324073FD500D41A67 /* Debug */,
				087810C424073FD500D41A67 /* Release */,
			);
			defaultConfigurationIsVisible = 0;
			defaultConfigurationName = Release;
		};
		087810C524073FD500D41A67 /* Build configuration list for PBXNativeTarget "MnCTest" */ = {
			isa = XCConfigurationList;
			buildConfigurations = (
				087810C624073FD500D41A67 /* Debug */,
				087810C724073FD500D41A67 /* Release */,
			);
			defaultConfigurationIsVisible = 0;
			defaultConfigurationName = Release;
		};
/* End XCConfigurationList section */

/* Begin XCVersionGroup section */
		087810BA24073FD400D41A67 /* MnCTest.xcdatamodeld */ = {
			isa = XCVersionGroup;
			children = (
				087810BB24073FD400D41A67 /* MnCTest.xcdatamodel */,
			);
			currentVersion = 087810BB24073FD400D41A67 /* MnCTest.xcdatamodel */;
			path = MnCTest.xcdatamodeld;
			sourceTree = "<group>";
			versionGroupType = wrapper.xcdatamodel;
		};
/* End XCVersionGroup section */
	};
	rootObject = 087810A624073FD400D41A67 /* Project object */;
}
