// !$*UTF8*$!
{
	archiveVersion = 1;
	classes = {
	};
	objectVersion = 50;
	objects = {

/* Begin PBXBuildFile section */
		087810B224073FD400D41A67 /* AppDelegate.swift in Sources */ = {isa = PBXBuildFile; fileRef = 087810B124073FD400D41A67 /* AppDelegate.swift */; };
		087810B424073FD400D41A67 /* SceneDelegate.swift in Sources */ = {isa = PBXBuildFile; fileRef = 087810B324073FD400D41A67 /* SceneDelegate.swift */; };
		087810B624073FD400D41A67 /* ViewController.swift in Sources */ = {isa = PBXBuildFile; fileRef = 087810B524073FD400D41A67 /* ViewController.swift */; };
		087810B924073FD400D41A67 /* Main.storyboard in Resources */ = {isa = PBXBuildFile; fileRef = 087810B724073FD400D41A67 /* Main.storyboard */; };
		087810BC24073FD400D41A67 /* MnCTest.xcdatamodeld in Sources */ = {isa = PBXBuildFile; fileRef = 087810BA24073FD400D41A67 /* MnCTest.xcdatamodeld */; };
		087810BE24073FD500D41A67 /* Assets.xcassets in Resources */ = {isa = PBXBuildFile; fileRef = 087810BD24073FD500D41A67 /* Assets.xcassets */; };
		087810C124073FD500D41A67 /* LaunchScreen.storyboard in Resources */ = {isa = PBXBuildFile; fileRef = 087810BF24073FD500D41A67 /* LaunchScreen.storyboard */; };
/* End PBXBuildFile section */

/* Begin PBXFileReference section */
		087810AE24073FD400D41A67 /* MnCTest.app */ = {isa = PBXFileReference; explicitFileType = wrapper.application; includeInIndex = 0; path = MnCTest.app; sourceTree = BUILT_PRODUCTS_DIR; };
		087810B124073FD400D41A67 /* AppDelegate.swift */ = {isa = PBXFileReference; lastKnownFileType = sourcecode.swift; path = AppDelegate.swift; sourceTree = "<group>"; };
		087810B324073FD400D41A67 /* SceneDelegate.swift */ = {isa = PBXFileReference; lastKnownFileType = sourcecode.swift; path = SceneDelegate.swift; sourceTree = "<group>"; };
		087810B524073FD400D41A67 /* ViewController.swift */ = {isa = PBXFileReference; lastKnownFileType = sourcecode.swift; path = ViewController.swift; sourceTree = "<group>"; };
		087810B824073FD400D41A67 /* Base */ = {isa = PBXFileReference; lastKnownFileType = file.storyboard; name = Base; path = Base.lproj/Main.storyboard; sourceTree = "<group>"; };
		087810BB24073FD400D41A67 /* MnCTest.xcdatamodel */ = {isa = PBXFileReference; lastKnownFileType = wrapper.xcdatamodel; path = MnCTest.xcdatamodel; sourceTree = "<group>"; };
		087810BD24073FD500D41A67 /* Assets.xcassets */ = {isa = PBXFileReference; lastKnownFileType = folder.assetcatalog; path = Assets.xcassets; sourceTree = "<group>"; };
		087810C024073FD500D41A67 /* Base */ = {isa = PBXFileReference; lastKnownFileType = file.storyboard; name = Base; path = Base.lproj/LaunchScreen.storyboard; sourceTree = "<group>"; };
		087810C224073FD500D41A67 /* Info.plist */ = {isa = PBXFileReference; lastKnownFileType = text.plist.xml; path = Info.plist; sourceTree = "<group>"; };
/* End PBXFileReference section */

/* Begin PBXFrameworksBuildPhase section */
		087810AB24073FD400D41A67 /* Frameworks */ = {
			isa = PBXFrameworksBuildPhase;
			buildActionMask = 2147483647;
			files = (
			);
			runOnlyForDeploymentPostprocessing = 0;
		};
/* End PBXFrameworksBuildPhase section */

/* Begin PBXGroup section */
		087810A524073FD400D41A67 = {
			isa = PBXGroup;
			children = (
				087810B024073FD400D41A67 /* MnCTest */,
				087810AF24073FD400D41A67 /* Products */,
			);
			sourceTree = "<group>";
		};
		087810AF24073FD400D41A67 /* Products */ = {
			isa = PBXGroup;
			children = (
				087810AE24073FD400D41A67 /* MnCTest.app */,
			);
			name = Products;
			sourceTree = "<group>";
		};
		087810B024073FD400D41A67 /* MnCTest */ = {
			isa = PBXGroup;
			children = (
				087810B124073FD400D41A67 /* AppDelegate.swift */,
				087810B324073FD400D41A67 /* SceneDelegate.swift */,
				087810B524073FD400D41A67 /* ViewController.swift */,
				087810B724073FD400D41A67 /* Main.storyboard */,
				087810BD24073FD500D41A67 /* Assets.xcassets */,
				087810BF24073FD500D41A67 /* LaunchScreen.storyboard */,
				087810C224073FD500D41A67 /* Info.plist */,
				087810BA24073FD400D41A67 /* MnCTest.xcdatamodeld */,
			);
			path = MnCTest;
			sourceTree = "<group>";
		};
/* End PBXGroup section */

/* Begin PBXNativeTarget section */
		087810AD24073FD400D41A67 /* MnCTest */ = {
			isa = PBXNativeTarget;
			buildConfigurationList = 087810C524073FD500D41A67 /* Build configuration list for PBXNativeTarget "MnCTest" */;
			buildPhases = (
				087810AA24073FD400D41A67 /* Sources */,
				087810AB24073FD400D41A67 /* Frameworks */,
				087810AC24073FD400D41A67 /* Resources */,
			);
			buildRules = (
			);
			dependencies = (
			);
			name = MnCTest;
			productName = MnCTest;
			productReference = 087810AE24073FD400D41A67 /* MnCTest.app */;
			productType = "com.apple.product-type.application";
		};
/* End PBXNativeTarget section */

/* Begin PBXProject section */
		087810A624073FD400D41A67 /* Project object */ = {
			isa = PBXProject;
			attributes = {
				LastSwiftUpdateCheck = 1130;
				LastUpgradeCheck = 1130;
				ORGANIZATIONNAME = "Esteban Rivas";
				TargetAttributes = {
					087810AD24073FD400D41A67 = {
						CreatedOnToolsVersion = 11.3;
					};
				};
			};
			buildConfigurationList = 087810A924073FD400D41A67 /* Build configuration list for PBXProject "MnCTest" */;
			compatibilityVersion = "Xcode 9.3";
			developmentRegion = en;
			hasScannedForEncodings = 0;
			knownRegions = (
				en,
				Base,
			);
			mainGroup = 087810A524073FD400D41A67;
			productRefGroup = 087810AF24073FD400D41A67 /* Products */;
			projectDirPath = "";
			projectRoot = "";
			targets = (
				087810AD24073FD400D41A67 /* MnCTest */,
			);
		};
/* End PBXProject section */

/* Begin PBXResourcesBuildPhase section */
		087810AC24073FD400D41A67 /* Resources */ = {
			isa = PBXResourcesBuildPhase;
			buildActionMask = 2147483647;
			files = (
				087810C124073FD500D41A67 /* LaunchScreen.storyboard in Resources */,
				087810BE24073FD500D41A67 /* Assets.xcassets in Resources */,
				087810B924073FD400D41A67 /* Main.storyboard in Resources */,
			);
			runOnlyForDeploymentPostprocessing = 0;
		};
/* End PBXResourcesBuildPhase section */

/* Begin PBXSourcesBuildPhase section */
		087810AA24073FD400D41A67 /* Sources */ = {
			isa = PBXSourcesBuildPhase;
			buildActionMask = 2147483647;
			files = (
				087810B624073FD400D41A67 /* ViewController.swift in Sources */,
				087810B224073FD400D41A67 /* AppDelegate.swift in Sources */,
				087810BC24073FD400D41A67 /* MnCTest.xcdatamodeld in Sources */,
				087810B424073FD400D41A67 /* SceneDelegate.swift in Sources */,
			);
			runOnlyForDeploymentPostprocessing = 0;
		};
/* End PBXSourcesBuildPhase section */

/* Begin PBXVariantGroup section */
		087810B724073FD400D41A67 /* Main.storyboard */ = {
			isa = PBXVariantGroup;
			children = (
				087810B824073FD400D41A67 /* Base */,
			);
			name = Main.storyboard;
			sourceTree = "<group>";
		};
		087810BF24073FD500D41A67 /* LaunchScreen.storyboard */ = {
			isa = PBXVariantGroup;
			children = (
				087810C024073FD500D41A67 /* Base */,
			);
			name = LaunchScreen.storyboard;
			sourceTree = "<group>";
		};
/* End PBXVariantGroup section */

/* Begin XCBuildConfiguration section */
		087810C324073FD500D41A67 /* Debug */ = {
			isa = XCBuildConfiguration;
			buildSettings = {
				ALWAYS_SEARCH_USER_PATHS = NO;
				CLANG_ANALYZER_NONNULL = YES;
				CLANG_ANALYZER_NUMBER_OBJECT_CONVERSION = YES_AGGRESSIVE;
				CLANG_CXX_LANGUAGE_STANDARD = "gnu++14";
				CLANG_CXX_LIBRARY = "libc++";
				CLANG_ENABLE_MODULES = YES;
				CLANG_ENABLE_OBJC_ARC = YES;
				CLANG_ENABLE_OBJC_WEAK = YES;
				CLANG_WARN_BLOCK_CAPTURE_AUTORELEASING = YES;
				CLANG_WARN_BOOL_CONVERSION = YES;
				CLANG_WARN_COMMA = YES;
				CLANG_WARN_CONSTANT_CONVERSION = YES;
				CLANG_WARN_DEPRECATED_OBJC_IMPLEMENTATIONS = YES;
				CLANG_WARN_DIRECT_OBJC_ISA_USAGE = YES_ERROR;
				CLANG_WARN_DOCUMENTATION_COMMENTS = YES;
				CLANG_WARN_EMPTY_BODY = YES;
				CLANG_WARN_ENUM_CONVERSION = YES;
				CLANG_WARN_INFINITE_RECURSION = YES;
				CLANG_WARN_INT_CONVERSION = YES;
				CLANG_WARN_NON_LITERAL_NULL_CONVERSION = YES;
				CLANG_WARN_OBJC_IMPLICIT_RETAIN_SELF = YES;
				CLANG_WARN_OBJC_LITERAL_CONVERSION = YES;
				CLANG_WARN_OBJC_ROOT_CLASS = YES_ERROR;
				CLANG_WARN_RANGE_LOOP_ANALYSIS = YES;
				CLANG_WARN_STRICT_PROTOTYPES = YES;
				CLANG_WARN_SUSPICIOUS_MOVE = YES;
				CLANG_WARN_UNGUARDED_AVAILABILITY = YES_AGGRESSIVE;
				CLANG_WARN_UNREACHABLE_CODE = YES;
				CLANG_WARN__DUPLICATE_METHOD_MATCH = YES;
				COPY_PHASE_STRIP = NO;
				DEBUG_INFORMATION_FORMAT = dwarf;
				ENABLE_STRICT_OBJC_MSGSEND = YES;
				ENABLE_TESTABILITY = YES;
				GCC_C_LANGUAGE_STANDARD = gnu11;
				GCC_DYNAMIC_NO_PIC = NO;
				GCC_NO_COMMON_BLOCKS = YES;
				GCC_OPTIMIZATION_LEVEL = 0;
				GCC_PREPROCESSOR_DEFINITIONS = (
					"DEBUG=1",
					"$(inherited)",
				);
				GCC_WARN_64_TO_32_BIT_CONVERSION = YES;
				GCC_WARN_ABOUT_RETURN_TYPE = YES_ERROR;
				GCC_WARN_UNDECLARED_SELECTOR = YES;
				GCC_WARN_UNINITIALIZED_AUTOS = YES_AGGRESSIVE;
				GCC_WARN_UNUSED_FUNCTION = YES;
				GCC_WARN_UNUSED_VARIABLE = YES;
				IPHONEOS_DEPLOYMENT_TARGET = 13.2;
				MTL_ENABLE_DEBUG_INFO = INCLUDE_SOURCE;
				MTL_FAST_MATH = YES;
				ONLY_ACTIVE_ARCH = YES;
				SDKROOT = iphoneos;
				SWIFT_ACTIVE_COMPILATION_CONDITIONS = DEBUG;
				SWIFT_OPTIMIZATION_LEVEL = "-Onone";
			};
			name = Debug;
		};
		087810C424073FD500D41A67 /* Release */ = {
			isa = XCBuildConfiguration;
			buildSettings = {
				ALWAYS_SEARCH_USER_PATHS = NO;
				CLANG_ANALYZER_NONNULL = YES;
				CLANG_ANALYZER_NUMBER_OBJECT_CONVERSION = YES_AGGRESSIVE;
				CLANG_CXX_LANGUAGE_STANDARD = "gnu++14";
				CLANG_CXX_LIBRARY = "libc++";
				CLANG_ENABLE_MODULES = YES;
				CLANG_ENABLE_OBJC_ARC = YES;
				CLANG_ENABLE_OBJC_WEAK = YES;
				CLANG_WARN_BLOCK_CAPTURE_AUTORELEASING = YES;
				CLANG_WARN_BOOL_CONVERSION = YES;
				CLANG_WARN_COMMA = YES;
				CLANG_WARN_CONSTANT_CONVERSION = YES;
				CLANG_WARN_DEPRECATED_OBJC_IMPLEMENTATIONS = YES;
				CLANG_WARN_DIRECT_OBJC_ISA_USAGE = YES_ERROR;
				CLANG_WARN_DOCUMENTATION_COMMENTS = YES;
				CLANG_WARN_EMPTY_BODY = YES;
				CLANG_WARN_ENUM_CONVERSION = YES;
				CLANG_WARN_INFINITE_RECURSION = YES;
				CLANG_WARN_INT_CONVERSION = YES;
				CLANG_WARN_NON_LITERAL_NULL_CONVERSION = YES;
				CLANG_WARN_OBJC_IMPLICIT_RETAIN_SELF = YES;
				CLANG_WARN_OBJC_LITERAL_CONVERSION = YES;
				CLANG_WARN_OBJC_ROOT_CLASS = YES_ERROR;
				CLANG_WARN_RANGE_LOOP_ANALYSIS = YES;
				CLANG_WARN_STRICT_PROTOTYPES = YES;
				CLANG_WARN_SUSPICIOUS_MOVE = YES;
				CLANG_WARN_UNGUARDED_AVAILABILITY = YES_AGGRESSIVE;
				CLANG_WARN_UNREACHABLE_CODE = YES;
				CLANG_WARN__DUPLICATE_METHOD_MATCH = YES;
				COPY_PHASE_STRIP = NO;
				DEBUG_INFORMATION_FORMAT = "dwarf-with-dsym";
				ENABLE_NS_ASSERTIONS = NO;
				ENABLE_STRICT_OBJC_MSGSEND = YES;
				GCC_C_LANGUAGE_STANDARD = gnu11;
				GCC_NO_COMMON_BLOCKS = YES;
				GCC_WARN_64_TO_32_BIT_CONVERSION = YES;
				GCC_WARN_ABOUT_RETURN_TYPE = YES_ERROR;
				GCC_WARN_UNDECLARED_SELECTOR = YES;
				GCC_WARN_UNINITIALIZED_AUTOS = YES_AGGRESSIVE;
				GCC_WARN_UNUSED_FUNCTION = YES;
				GCC_WARN_UNUSED_VARIABLE = YES;
				IPHONEOS_DEPLOYMENT_TARGET = 13.2;
				MTL_ENABLE_DEBUG_INFO = NO;
				MTL_FAST_MATH = YES;
				SDKROOT = iphoneos;
				SWIFT_COMPILATION_MODE = wholemodule;
				SWIFT_OPTIMIZATION_LEVEL = "-O";
				VALIDATE_PRODUCT = YES;
			};
			name = Release;
		};
		087810C624073FD500D41A67 /* Debug */ = {
			isa = XCBuildConfiguration;
			buildSettings = {
				ASSETCATALOG_COMPILER_APPICON_NAME = AppIcon;
				CODE_SIGN_STYLE = Automatic;
				DEVELOPMENT_TEAM = EBV9R936U5;
				INFOPLIST_FILE = MnCTest/Info.plist;
				LD_RUNPATH_SEARCH_PATHS = (
					"$(inherited)",
					"@executable_path/Frameworks",
				);
				PRODUCT_BUNDLE_IDENTIFIER = erivas.MnCTest;
				PRODUCT_NAME = "$(TARGET_NAME)";
				SWIFT_VERSION = 5.0;
				TARGETED_DEVICE_FAMILY = "1,2";
			};
			name = Debug;
		};
		087810C724073FD500D41A67 /* Release */ = {
			isa = XCBuildConfiguration;
			buildSettings = {
				ASSETCATALOG_COMPILER_APPICON_NAME = AppIcon;
				CODE_SIGN_STYLE = Automatic;
				DEVELOPMENT_TEAM = EBV9R936U5;
				INFOPLIST_FILE = MnCTest/Info.plist;
				LD_RUNPATH_SEARCH_PATHS = (
					"$(inherited)",
					"@executable_path/Frameworks",
				);
				PRODUCT_BUNDLE_IDENTIFIER = erivas.MnCTest;
				PRODUCT_NAME = "$(TARGET_NAME)";
				SWIFT_VERSION = 5.0;
				TARGETED_DEVICE_FAMILY = "1,2";
			};
			name = Release;
		};
/* End XCBuildConfiguration section */

/* Begin XCConfigurationList section */
		087810A924073FD400D41A67 /* Build configuration list for PBXProject "MnCTest" */ = {
			isa = XCConfigurationList;
			buildConfigurations = (
				087810C324073FD500D41A67 /* Debug */,
				087810C424073FD500D41A67 /* Release */,
			);
			defaultConfigurationIsVisible = 0;
			defaultConfigurationName = Release;
		};
		087810C524073FD500D41A67 /* Build configuration list for PBXNativeTarget "MnCTest" */ = {
			isa = XCConfigurationList;
			buildConfigurations = (
				087810C624073FD500D41A67 /* Debug */,
				087810C724073FD500D41A67 /* Release */,
			);
			defaultConfigurationIsVisible = 0;
			defaultConfigurationName = Release;
		};
/* End XCConfigurationList section */

/* Begin XCVersionGroup section */
		087810BA24073FD400D41A67 /* MnCTest.xcdatamodeld */ = {
			isa = XCVersionGroup;
			children = (
				087810BB24073FD400D41A67 /* MnCTest.xcdatamodel */,
			);
			currentVersion = 087810BB24073FD400D41A67 /* MnCTest.xcdatamodel */;
			path = MnCTest.xcdatamodeld;
			sourceTree = "<group>";
			versionGroupType = wrapper.xcdatamodel;
		};
/* End XCVersionGroup section */
	};
	rootObject = 087810A624073FD400D41A67 /* Project object */;
}
